
Microsoft Visual Studio Solution File, Format Version 12.00
# Visual Studio Version 17
VisualStudioVersion = 17.2.32602.215
MinimumVisualStudioVersion = 10.0.40219.1
Project("{9A19103F-16F7-4668-BE54-9A1E7A4F7556}") = "ServiceLevelIndicators", "src\ServiceLevelIndicators.csproj", "{F4435FF6-AC14-474C-B5DC-323A640D0B7D}"
EndProject
Project("{9A19103F-16F7-4668-BE54-9A1E7A4F7556}") = "ServiceLevelIndicators.Tests", "tests\ServiceLevelIndicators.Tests.csproj", "{6BF46D4A-68D6-4DE3-80B8-128F2DF923E2}"
EndProject
Project("{2150E333-8FDC-42A3-9474-1A3956D46DE8}") = "Sample", "Sample", "{A7D8DEF7-8D37-4DE9-B935-7D9FF571132B}"
EndProject
Project("{9A19103F-16F7-4668-BE54-9A1E7A4F7556}") = "SampleWebApplicationSLI", "sample\WebApi\SampleWebApplicationSLI.csproj", "{D7E3F524-2505-47DC-ACD8-52BC58DA84A2}"
EndProject
Project("{2150E333-8FDC-42A3-9474-1A3956D46DE8}") = "Solution Items", "Solution Items", "{1D89EC6C-8E06-49C5-A4EF-0218F9E6C29B}"
	ProjectSection(SolutionItems) = preProject
		Directory.Build.props = Directory.Build.props
		Directory.Packages.props = Directory.Packages.props
		global.json = global.json
	EndProjectSection
EndProject
Global
	GlobalSection(SolutionConfigurationPlatforms) = preSolution
		Debug|Any CPU = Debug|Any CPU
		Release|Any CPU = Release|Any CPU
	EndGlobalSection
	GlobalSection(ProjectConfigurationPlatforms) = postSolution
		{F4435FF6-AC14-474C-B5DC-323A640D0B7D}.Debug|Any CPU.ActiveCfg = Debug|Any CPU
		{F4435FF6-AC14-474C-B5DC-323A640D0B7D}.Debug|Any CPU.Build.0 = Debug|Any CPU
		{F4435FF6-AC14-474C-B5DC-323A640D0B7D}.Release|Any CPU.ActiveCfg = Release|Any CPU
		{F4435FF6-AC14-474C-B5DC-323A640D0B7D}.Release|Any CPU.Build.0 = Release|Any CPU
		{6BF46D4A-68D6-4DE3-80B8-128F2DF923E2}.Debug|Any CPU.ActiveCfg = Debug|Any CPU
		{6BF46D4A-68D6-4DE3-80B8-128F2DF923E2}.Debug|Any CPU.Build.0 = Debug|Any CPU
		{6BF46D4A-68D6-4DE3-80B8-128F2DF923E2}.Release|Any CPU.ActiveCfg = Release|Any CPU
		{6BF46D4A-68D6-4DE3-80B8-128F2DF923E2}.Release|Any CPU.Build.0 = Release|Any CPU
		{D7E3F524-2505-47DC-ACD8-52BC58DA84A2}.Debug|Any CPU.ActiveCfg = Debug|Any CPU
		{D7E3F524-2505-47DC-ACD8-52BC58DA84A2}.Debug|Any CPU.Build.0 = Debug|Any CPU
		{D7E3F524-2505-47DC-ACD8-52BC58DA84A2}.Release|Any CPU.ActiveCfg = Release|Any CPU
		{D7E3F524-2505-47DC-ACD8-52BC58DA84A2}.Release|Any CPU.Build.0 = Release|Any CPU
	EndGlobalSection
	GlobalSection(SolutionProperties) = preSolution
		HideSolutionNode = FALSE
	EndGlobalSection
	GlobalSection(NestedProjects) = preSolution
		{D7E3F524-2505-47DC-ACD8-52BC58DA84A2} = {A7D8DEF7-8D37-4DE9-B935-7D9FF571132B}
	EndGlobalSection
	GlobalSection(ExtensibilityGlobals) = postSolution
		SolutionGuid = {5C1087B8-93AA-4847-9D18-6A16E754593F}
	EndGlobalSection
EndGlobal
